
Microsoft Visual Studio Solution File, Format Version 11.00
# Visual Studio 2010
Project("{FAE04EC0-301F-11D3-BF4B-00C04F79EFBC}") = "Assembly-CSharp", "Assembly-CSharp.csproj", "{9a2d84b7-5e75-0a98-8b0a-95ae5d2760f0}"
EndProject
Project("{FAE04EC0-301F-11D3-BF4B-00C04F79EFBC}") = "Assembly-CSharp-firstpass", "Assembly-CSharp-firstpass.csproj", "{c0225cc7-db11-8d14-a43f-8b97d9bd77e2}"
EndProject
Project("{FAE04EC0-301F-11D3-BF4B-00C04F79EFBC}") = "Assembly-CSharp-Editor-firstpass", "Assembly-CSharp-Editor-firstpass.csproj", "{56815dec-3d7c-a8be-04d9-903aaf1ff30d}"
EndProject
Project("{FAE04EC0-301F-11D3-BF4B-00C04F79EFBC}") = "Assembly-CSharp-Editor", "Assembly-CSharp-Editor.csproj", "{0e028212-4652-5de8-1271-1323a15bb3f3}"
EndProject
Global
	GlobalSection(SolutionConfigurationPlatforms) = preSolution
		Debug|Any CPU = Debug|Any CPU
		Release|Any CPU = Release|Any CPU
	EndGlobalSection
	GlobalSection(ProjectConfigurationPlatforms) = postSolution
		{9a2d84b7-5e75-0a98-8b0a-95ae5d2760f0}.Debug|Any CPU.ActiveCfg = Debug|Any CPU
		{9a2d84b7-5e75-0a98-8b0a-95ae5d2760f0}.Debug|Any CPU.Build.0 = Debug|Any CPU
		{9a2d84b7-5e75-0a98-8b0a-95ae5d2760f0}.Release|Any CPU.ActiveCfg = Release|Any CPU
		{9a2d84b7-5e75-0a98-8b0a-95ae5d2760f0}.Release|Any CPU.Build.0 = Release|Any CPU
		{c0225cc7-db11-8d14-a43f-8b97d9bd77e2}.Debug|Any CPU.ActiveCfg = Debug|Any CPU
		{c0225cc7-db11-8d14-a43f-8b97d9bd77e2}.Debug|Any CPU.Build.0 = Debug|Any CPU
		{c0225cc7-db11-8d14-a43f-8b97d9bd77e2}.Release|Any CPU.ActiveCfg = Release|Any CPU
		{c0225cc7-db11-8d14-a43f-8b97d9bd77e2}.Release|Any CPU.Build.0 = Release|Any CPU
		{56815dec-3d7c-a8be-04d9-903aaf1ff30d}.Debug|Any CPU.ActiveCfg = Debug|Any CPU
		{56815dec-3d7c-a8be-04d9-903aaf1ff30d}.Debug|Any CPU.Build.0 = Debug|Any CPU
		{56815dec-3d7c-a8be-04d9-903aaf1ff30d}.Release|Any CPU.ActiveCfg = Release|Any CPU
		{56815dec-3d7c-a8be-04d9-903aaf1ff30d}.Release|Any CPU.Build.0 = Release|Any CPU
		{0e028212-4652-5de8-1271-1323a15bb3f3}.Debug|Any CPU.ActiveCfg = Debug|Any CPU
		{0e028212-4652-5de8-1271-1323a15bb3f3}.Debug|Any CPU.Build.0 = Debug|Any CPU
		{0e028212-4652-5de8-1271-1323a15bb3f3}.Release|Any CPU.ActiveCfg = Release|Any CPU
		{0e028212-4652-5de8-1271-1323a15bb3f3}.Release|Any CPU.Build.0 = Release|Any CPU
	EndGlobalSection
	GlobalSection(SolutionProperties) = preSolution
		HideSolutionNode = FALSE
	EndGlobalSection
EndGlobal
